{
  "nodes": {
    "flake-utils": {
      "locked": {
        "lastModified": 1659877975,
        "narHash": "sha256-zllb8aq3YO3h8B/U0/J1WBgAL8EX5yWf5pMj3G0NAmc=",
        "owner": "numtide",
        "repo": "flake-utils",
        "rev": "c0e246b9b83f637f4681389ecabcb2681b4f3af0",
        "type": "github"
      },
      "original": {
        "owner": "numtide",
        "repo": "flake-utils",
        "type": "github"
      }
    },
    "home-manager": {
      "inputs": {
        "nixpkgs": [
          "nixpkgs"
        ],
        "utils": [
          "flake-utils"
        ]
      },
      "locked": {
        "lastModified": 1666558342,
        "narHash": "sha256-qiH0Zgig28yaSyebehrrYiX1y53Y/xFcQW+EFMRSVI0=",
        "owner": "nix-community",
        "repo": "home-manager",
        "rev": "186d9399f9eb64fb06ea4385732c1cf1624ae2b6",
        "type": "github"
      },
      "original": {
        "owner": "nix-community",
        "repo": "home-manager",
        "type": "github"
      }
    },
    "nixos-channel": {
      "locked": {
        "narHash": "sha256-31o2r5b7s2lqhElIAbfcNOK5YRrW4NsDSPda4xjuzOs=",
        "type": "tarball",
        "url": "https://nixos.org/channels/nixos-unstable/nixexprs.tar.xz"
      },
      "original": {
        "type": "tarball",
        "url": "https://nixos.org/channels/nixos-unstable/nixexprs.tar.xz"
      }
    },
    "nixpkgs": {
      "locked": {
        "lastModified": 1666539104,
        "narHash": "sha256-jeuC+d375wHHxMOFLgu7etseCQVJuPNKoEc9X9CsErg=",
        "owner": "nixos",
        "repo": "nixpkgs",
        "rev": "0e6df35f39651504249a05191f9a78d251707e22",
        "type": "github"
      },
      "original": {
        "owner": "nixos",
        "ref": "nixos-unstable",
        "repo": "nixpkgs",
        "type": "github"
      }
    },
    "nixpkgs-22_05": {
      "locked": {
        "lastModified": 1666488099,
        "narHash": "sha256-DANs2epN5QgvxWzH7xF3dzb4WE0lEuMLrMEu/vPmQxw=",
        "owner": "NixOS",
        "repo": "nixpkgs",
        "rev": "f9115594149ebcb409a42e303bec4956814a8419",
        "type": "github"
      },
      "original": {
        "owner": "NixOS",
        "ref": "release-22.05",
        "repo": "nixpkgs",
        "type": "github"
      }
    },
    "root": {
      "inputs": {
        "flake-utils": "flake-utils",
        "home-manager": "home-manager",
        "nixos-channel": "nixos-channel",
        "nixpkgs": "nixpkgs",
        "sops-nix": "sops-nix"
      }
    },
    "sops-nix": {
      "inputs": {
        "nixpkgs": [
          "nixpkgs"
        ],
        "nixpkgs-22_05": "nixpkgs-22_05"
      },
      "locked": {
        "lastModified": 1666499473,
        "narHash": "sha256-q1eFnBFL0kHgcnUPeKagw3BfbE/5sMJNGL2E2AR+a2M=",
        "owner": "Mic92",
        "repo": "sops-nix",
        "rev": "1b5f9512a265f0c9687dbff47893180f777f4809",
        "type": "github"
      },
      "original": {
        "owner": "Mic92",
        "repo": "sops-nix",
        "type": "github"
      }
    }
  },
  "root": "root",
  "version": 7
}
